// !$*UTF8*$!
{
	archiveVersion = 1;
	classes = {
	};
	objectVersion = 52;
	objects = {

/* Begin PBXBuildFile section */
		381320F628A40B7A00FAF3B0 /* AppDelegate.swift in Sources */ = {isa = PBXBuildFile; fileRef = 381320F528A40B7A00FAF3B0 /* AppDelegate.swift */; };
		381320FA28A40B7A00FAF3B0 /* ViewController.swift in Sources */ = {isa = PBXBuildFile; fileRef = 381320F928A40B7A00FAF3B0 /* ViewController.swift */; };
		381320FD28A40B7A00FAF3B0 /* Main.storyboard in Resources */ = {isa = PBXBuildFile; fileRef = 381320FB28A40B7A00FAF3B0 /* Main.storyboard */; };
		381320FF28A40B7D00FAF3B0 /* Assets.xcassets in Resources */ = {isa = PBXBuildFile; fileRef = 381320FE28A40B7D00FAF3B0 /* Assets.xcassets */; };
		3813210228A40B7D00FAF3B0 /* LaunchScreen.storyboard in Resources */ = {isa = PBXBuildFile; fileRef = 3813210028A40B7D00FAF3B0 /* LaunchScreen.storyboard */; };
		3813210D28A40B7D00FAF3B0 /* AutoTuneSamplerTests.swift in Sources */ = {isa = PBXBuildFile; fileRef = 3813210C28A40B7D00FAF3B0 /* AutoTuneSamplerTests.swift */; };
		3813211828A40B7E00FAF3B0 /* AutoTuneSamplerUITests.swift in Sources */ = {isa = PBXBuildFile; fileRef = 3813211728A40B7E00FAF3B0 /* AutoTuneSamplerUITests.swift */; };
		3813212F28A40C9400FAF3B0 /* UIButton+Extensions.swift in Sources */ = {isa = PBXBuildFile; fileRef = 3813212E28A40C9400FAF3B0 /* UIButton+Extensions.swift */; };
		3813213428A40CA500FAF3B0 /* UILabel+Extensions.swift in Sources */ = {isa = PBXBuildFile; fileRef = 3813213328A40CA500FAF3B0 /* UILabel+Extensions.swift */; };
		3813213928A40EA600FAF3B0 /* UITextField+Extensions.swift in Sources */ = {isa = PBXBuildFile; fileRef = 3813213828A40EA600FAF3B0 /* UITextField+Extensions.swift */; };
		3813214328A4118700FAF3B0 /* ViewController+Extensions.swift in Sources */ = {isa = PBXBuildFile; fileRef = 3813214228A4118700FAF3B0 /* ViewController+Extensions.swift */; };
		3813220028A471C500FAF3B0 /* AudioKit in Frameworks */ = {isa = PBXBuildFile; productRef = 381321FF28A471C500FAF3B0 /* AudioKit */; };
		3813221128A47F8700FAF3B0 /* female-voice-3.wav in Resources */ = {isa = PBXBuildFile; fileRef = 3813221028A47F8700FAF3B0 /* female-voice-3.wav */; };
		3813223A28A4B28A00FAF3B0 /* male-voice-1.wav in Resources */ = {isa = PBXBuildFile; fileRef = 3813223828A4B28900FAF3B0 /* male-voice-1.wav */; };
		3813224728A4B6F700FAF3B0 /* female-voice-2.wav in Resources */ = {isa = PBXBuildFile; fileRef = 3813224528A4B6F500FAF3B0 /* female-voice-2.wav */; };
		3813225028A4B8D500FAF3B0 /* female-voice-1.wav in Resources */ = {isa = PBXBuildFile; fileRef = 3813224F28A4B8D400FAF3B0 /* female-voice-1.wav */; };
		B68FC73228A5DFFD0019E049 /* SoundpipeAudioKit in Frameworks */ = {isa = PBXBuildFile; productRef = B68FC73128A5DFFD0019E049 /* SoundpipeAudioKit */; };
/* End PBXBuildFile section */

/* Begin PBXContainerItemProxy section */
		3813210928A40B7D00FAF3B0 /* PBXContainerItemProxy */ = {
			isa = PBXContainerItemProxy;
			containerPortal = 381320EA28A40B7A00FAF3B0 /* Project object */;
			proxyType = 1;
			remoteGlobalIDString = 381320F128A40B7A00FAF3B0;
			remoteInfo = AutoTuneSampler;
		};
		3813211428A40B7E00FAF3B0 /* PBXContainerItemProxy */ = {
			isa = PBXContainerItemProxy;
			containerPortal = 381320EA28A40B7A00FAF3B0 /* Project object */;
			proxyType = 1;
			remoteGlobalIDString = 381320F128A40B7A00FAF3B0;
			remoteInfo = AutoTuneSampler;
		};
/* End PBXContainerItemProxy section */

/* Begin PBXFileReference section */
		381320F228A40B7A00FAF3B0 /* AutoTuneSampler.app */ = {isa = PBXFileReference; explicitFileType = wrapper.application; includeInIndex = 0; path = AutoTuneSampler.app; sourceTree = BUILT_PRODUCTS_DIR; };
		381320F528A40B7A00FAF3B0 /* AppDelegate.swift */ = {isa = PBXFileReference; lastKnownFileType = sourcecode.swift; path = AppDelegate.swift; sourceTree = "<group>"; };
		381320F928A40B7A00FAF3B0 /* ViewController.swift */ = {isa = PBXFileReference; lastKnownFileType = sourcecode.swift; path = ViewController.swift; sourceTree = "<group>"; };
		381320FC28A40B7A00FAF3B0 /* Base */ = {isa = PBXFileReference; lastKnownFileType = file.storyboard; name = Base; path = Base.lproj/Main.storyboard; sourceTree = "<group>"; };
		381320FE28A40B7D00FAF3B0 /* Assets.xcassets */ = {isa = PBXFileReference; lastKnownFileType = folder.assetcatalog; path = Assets.xcassets; sourceTree = "<group>"; };
		3813210128A40B7D00FAF3B0 /* Base */ = {isa = PBXFileReference; lastKnownFileType = file.storyboard; name = Base; path = Base.lproj/LaunchScreen.storyboard; sourceTree = "<group>"; };
		3813210328A40B7D00FAF3B0 /* Info.plist */ = {isa = PBXFileReference; lastKnownFileType = text.plist.xml; path = Info.plist; sourceTree = "<group>"; };
		3813210828A40B7D00FAF3B0 /* AutoTuneSamplerTests.xctest */ = {isa = PBXFileReference; explicitFileType = wrapper.cfbundle; includeInIndex = 0; path = AutoTuneSamplerTests.xctest; sourceTree = BUILT_PRODUCTS_DIR; };
		3813210C28A40B7D00FAF3B0 /* AutoTuneSamplerTests.swift */ = {isa = PBXFileReference; lastKnownFileType = sourcecode.swift; path = AutoTuneSamplerTests.swift; sourceTree = "<group>"; };
		3813210E28A40B7D00FAF3B0 /* Info.plist */ = {isa = PBXFileReference; lastKnownFileType = text.plist.xml; path = Info.plist; sourceTree = "<group>"; };
		3813211328A40B7E00FAF3B0 /* AutoTuneSamplerUITests.xctest */ = {isa = PBXFileReference; explicitFileType = wrapper.cfbundle; includeInIndex = 0; path = AutoTuneSamplerUITests.xctest; sourceTree = BUILT_PRODUCTS_DIR; };
		3813211728A40B7E00FAF3B0 /* AutoTuneSamplerUITests.swift */ = {isa = PBXFileReference; lastKnownFileType = sourcecode.swift; path = AutoTuneSamplerUITests.swift; sourceTree = "<group>"; };
		3813211928A40B7E00FAF3B0 /* Info.plist */ = {isa = PBXFileReference; lastKnownFileType = text.plist.xml; path = Info.plist; sourceTree = "<group>"; };
		3813212E28A40C9400FAF3B0 /* UIButton+Extensions.swift */ = {isa = PBXFileReference; lastKnownFileType = sourcecode.swift; path = "UIButton+Extensions.swift"; sourceTree = "<group>"; };
		3813213328A40CA500FAF3B0 /* UILabel+Extensions.swift */ = {isa = PBXFileReference; lastKnownFileType = sourcecode.swift; path = "UILabel+Extensions.swift"; sourceTree = "<group>"; };
		3813213828A40EA600FAF3B0 /* UITextField+Extensions.swift */ = {isa = PBXFileReference; lastKnownFileType = sourcecode.swift; path = "UITextField+Extensions.swift"; sourceTree = "<group>"; };
		3813214228A4118700FAF3B0 /* ViewController+Extensions.swift */ = {isa = PBXFileReference; lastKnownFileType = sourcecode.swift; path = "ViewController+Extensions.swift"; sourceTree = "<group>"; };
		3813221028A47F8700FAF3B0 /* female-voice-3.wav */ = {isa = PBXFileReference; lastKnownFileType = audio.wav; path = "female-voice-3.wav"; sourceTree = "<group>"; };
		3813223828A4B28900FAF3B0 /* male-voice-1.wav */ = {isa = PBXFileReference; lastKnownFileType = audio.wav; path = "male-voice-1.wav"; sourceTree = "<group>"; };
		3813224528A4B6F500FAF3B0 /* female-voice-2.wav */ = {isa = PBXFileReference; lastKnownFileType = audio.wav; path = "female-voice-2.wav"; sourceTree = "<group>"; };
		3813224F28A4B8D400FAF3B0 /* female-voice-1.wav */ = {isa = PBXFileReference; lastKnownFileType = audio.wav; path = "female-voice-1.wav"; sourceTree = "<group>"; };
/* End PBXFileReference section */

/* Begin PBXFrameworksBuildPhase section */
		381320EF28A40B7A00FAF3B0 /* Frameworks */ = {
			isa = PBXFrameworksBuildPhase;
			buildActionMask = 2147483647;
			files = (
				B68FC73228A5DFFD0019E049 /* SoundpipeAudioKit in Frameworks */,
				3813220028A471C500FAF3B0 /* AudioKit in Frameworks */,
			);
			runOnlyForDeploymentPostprocessing = 0;
		};
		3813210528A40B7D00FAF3B0 /* Frameworks */ = {
			isa = PBXFrameworksBuildPhase;
			buildActionMask = 2147483647;
			files = (
			);
			runOnlyForDeploymentPostprocessing = 0;
		};
		3813211028A40B7E00FAF3B0 /* Frameworks */ = {
			isa = PBXFrameworksBuildPhase;
			buildActionMask = 2147483647;
			files = (
			);
			runOnlyForDeploymentPostprocessing = 0;
		};
/* End PBXFrameworksBuildPhase section */

/* Begin PBXGroup section */
		381320E928A40B7A00FAF3B0 = {
			isa = PBXGroup;
			children = (
				381320F428A40B7A00FAF3B0 /* AutoTuneSampler */,
				3813210B28A40B7D00FAF3B0 /* AutoTuneSamplerTests */,
				3813211628A40B7E00FAF3B0 /* AutoTuneSamplerUITests */,
				381320F328A40B7A00FAF3B0 /* Products */,
			);
			sourceTree = "<group>";
		};
		381320F328A40B7A00FAF3B0 /* Products */ = {
			isa = PBXGroup;
			children = (
				381320F228A40B7A00FAF3B0 /* AutoTuneSampler.app */,
				3813210828A40B7D00FAF3B0 /* AutoTuneSamplerTests.xctest */,
				3813211328A40B7E00FAF3B0 /* AutoTuneSamplerUITests.xctest */,
			);
			name = Products;
			sourceTree = "<group>";
		};
		381320F428A40B7A00FAF3B0 /* AutoTuneSampler */ = {
			isa = PBXGroup;
			children = (
				3813223428A4953E00FAF3B0 /* Sound_Files */,
				3813213E28A40F8400FAF3B0 /* View Controllers */,
				3813213D28A40F3C00FAF3B0 /* Extensions */,
				381320FB28A40B7A00FAF3B0 /* Main.storyboard */,
				381320FE28A40B7D00FAF3B0 /* Assets.xcassets */,
				3813210028A40B7D00FAF3B0 /* LaunchScreen.storyboard */,
				3813210328A40B7D00FAF3B0 /* Info.plist */,
			);
			path = AutoTuneSampler;
			sourceTree = "<group>";
		};
		3813210B28A40B7D00FAF3B0 /* AutoTuneSamplerTests */ = {
			isa = PBXGroup;
			children = (
				3813210C28A40B7D00FAF3B0 /* AutoTuneSamplerTests.swift */,
				3813210E28A40B7D00FAF3B0 /* Info.plist */,
			);
			path = AutoTuneSamplerTests;
			sourceTree = "<group>";
		};
		3813211628A40B7E00FAF3B0 /* AutoTuneSamplerUITests */ = {
			isa = PBXGroup;
			children = (
				3813211728A40B7E00FAF3B0 /* AutoTuneSamplerUITests.swift */,
				3813211928A40B7E00FAF3B0 /* Info.plist */,
			);
			path = AutoTuneSamplerUITests;
			sourceTree = "<group>";
		};
		3813213D28A40F3C00FAF3B0 /* Extensions */ = {
			isa = PBXGroup;
			children = (
				3813214228A4118700FAF3B0 /* ViewController+Extensions.swift */,
				3813212E28A40C9400FAF3B0 /* UIButton+Extensions.swift */,
				3813213328A40CA500FAF3B0 /* UILabel+Extensions.swift */,
				3813213828A40EA600FAF3B0 /* UITextField+Extensions.swift */,
			);
			path = Extensions;
			sourceTree = "<group>";
		};
		3813213E28A40F8400FAF3B0 /* View Controllers */ = {
			isa = PBXGroup;
			children = (
				381320F528A40B7A00FAF3B0 /* AppDelegate.swift */,
				381320F928A40B7A00FAF3B0 /* ViewController.swift */,
			);
			path = "View Controllers";
			sourceTree = "<group>";
		};
		3813223428A4953E00FAF3B0 /* Sound_Files */ = {
			isa = PBXGroup;
			children = (
				3813223828A4B28900FAF3B0 /* male-voice-1.wav */,
				3813224F28A4B8D400FAF3B0 /* female-voice-1.wav */,
				3813224528A4B6F500FAF3B0 /* female-voice-2.wav */,
				3813221028A47F8700FAF3B0 /* female-voice-3.wav */,
			);
			path = Sound_Files;
			sourceTree = "<group>";
		};
/* End PBXGroup section */

/* Begin PBXNativeTarget section */
		381320F128A40B7A00FAF3B0 /* AutoTuneSampler */ = {
			isa = PBXNativeTarget;
			buildConfigurationList = 3813211C28A40B7E00FAF3B0 /* Build configuration list for PBXNativeTarget "AutoTuneSampler" */;
			buildPhases = (
				381320EE28A40B7A00FAF3B0 /* Sources */,
				381320EF28A40B7A00FAF3B0 /* Frameworks */,
				381320F028A40B7A00FAF3B0 /* Resources */,
			);
			buildRules = (
			);
			dependencies = (
			);
			name = AutoTuneSampler;
			packageProductDependencies = (
				381321FF28A471C500FAF3B0 /* AudioKit */,
				B68FC73128A5DFFD0019E049 /* SoundpipeAudioKit */,
			);
			productName = AutoTuneSampler;
			productReference = 381320F228A40B7A00FAF3B0 /* AutoTuneSampler.app */;
			productType = "com.apple.product-type.application";
		};
		3813210728A40B7D00FAF3B0 /* AutoTuneSamplerTests */ = {
			isa = PBXNativeTarget;
			buildConfigurationList = 3813211F28A40B7E00FAF3B0 /* Build configuration list for PBXNativeTarget "AutoTuneSamplerTests" */;
			buildPhases = (
				3813210428A40B7D00FAF3B0 /* Sources */,
				3813210528A40B7D00FAF3B0 /* Frameworks */,
				3813210628A40B7D00FAF3B0 /* Resources */,
			);
			buildRules = (
			);
			dependencies = (
				3813210A28A40B7D00FAF3B0 /* PBXTargetDependency */,
			);
			name = AutoTuneSamplerTests;
			productName = AutoTuneSamplerTests;
			productReference = 3813210828A40B7D00FAF3B0 /* AutoTuneSamplerTests.xctest */;
			productType = "com.apple.product-type.bundle.unit-test";
		};
		3813211228A40B7E00FAF3B0 /* AutoTuneSamplerUITests */ = {
			isa = PBXNativeTarget;
			buildConfigurationList = 3813212228A40B7E00FAF3B0 /* Build configuration list for PBXNativeTarget "AutoTuneSamplerUITests" */;
			buildPhases = (
				3813210F28A40B7E00FAF3B0 /* Sources */,
				3813211028A40B7E00FAF3B0 /* Frameworks */,
				3813211128A40B7E00FAF3B0 /* Resources */,
			);
			buildRules = (
			);
			dependencies = (
				3813211528A40B7E00FAF3B0 /* PBXTargetDependency */,
			);
			name = AutoTuneSamplerUITests;
			productName = AutoTuneSamplerUITests;
			productReference = 3813211328A40B7E00FAF3B0 /* AutoTuneSamplerUITests.xctest */;
			productType = "com.apple.product-type.bundle.ui-testing";
		};
/* End PBXNativeTarget section */

/* Begin PBXProject section */
		381320EA28A40B7A00FAF3B0 /* Project object */ = {
			isa = PBXProject;
			attributes = {
				LastSwiftUpdateCheck = 1240;
				LastUpgradeCheck = 1240;
				TargetAttributes = {
					381320F128A40B7A00FAF3B0 = {
						CreatedOnToolsVersion = 12.4;
					};
					3813210728A40B7D00FAF3B0 = {
						CreatedOnToolsVersion = 12.4;
						TestTargetID = 381320F128A40B7A00FAF3B0;
					};
					3813211228A40B7E00FAF3B0 = {
						CreatedOnToolsVersion = 12.4;
						TestTargetID = 381320F128A40B7A00FAF3B0;
					};
				};
			};
			buildConfigurationList = 381320ED28A40B7A00FAF3B0 /* Build configuration list for PBXProject "AutoTuneSampler" */;
			compatibilityVersion = "Xcode 9.3";
			developmentRegion = en;
			hasScannedForEncodings = 0;
			knownRegions = (
				en,
				Base,
			);
			mainGroup = 381320E928A40B7A00FAF3B0;
			packageReferences = (
				381321FE28A471C500FAF3B0 /* XCRemoteSwiftPackageReference "AudioKit" */,
				B68FC73028A5DFFD0019E049 /* XCRemoteSwiftPackageReference "SoundpipeAudioKit" */,
			);
			productRefGroup = 381320F328A40B7A00FAF3B0 /* Products */;
			projectDirPath = "";
			projectRoot = "";
			targets = (
				381320F128A40B7A00FAF3B0 /* AutoTuneSampler */,
				3813210728A40B7D00FAF3B0 /* AutoTuneSamplerTests */,
				3813211228A40B7E00FAF3B0 /* AutoTuneSamplerUITests */,
			);
		};
/* End PBXProject section */

/* Begin PBXResourcesBuildPhase section */
		381320F028A40B7A00FAF3B0 /* Resources */ = {
			isa = PBXResourcesBuildPhase;
			buildActionMask = 2147483647;
			files = (
				3813210228A40B7D00FAF3B0 /* LaunchScreen.storyboard in Resources */,
				381320FF28A40B7D00FAF3B0 /* Assets.xcassets in Resources */,
				3813225028A4B8D500FAF3B0 /* female-voice-1.wav in Resources */,
				3813224728A4B6F700FAF3B0 /* female-voice-2.wav in Resources */,
				3813223A28A4B28A00FAF3B0 /* male-voice-1.wav in Resources */,
				381320FD28A40B7A00FAF3B0 /* Main.storyboard in Resources */,
				3813221128A47F8700FAF3B0 /* female-voice-3.wav in Resources */,
			);
			runOnlyForDeploymentPostprocessing = 0;
		};
		3813210628A40B7D00FAF3B0 /* Resources */ = {
			isa = PBXResourcesBuildPhase;
			buildActionMask = 2147483647;
			files = (
			);
			runOnlyForDeploymentPostprocessing = 0;
		};
		3813211128A40B7E00FAF3B0 /* Resources */ = {
			isa = PBXResourcesBuildPhase;
			buildActionMask = 2147483647;
			files = (
			);
			runOnlyForDeploymentPostprocessing = 0;
		};
/* End PBXResourcesBuildPhase section */

/* Begin PBXSourcesBuildPhase section */
		381320EE28A40B7A00FAF3B0 /* Sources */ = {
			isa = PBXSourcesBuildPhase;
			buildActionMask = 2147483647;
			files = (
				3813213428A40CA500FAF3B0 /* UILabel+Extensions.swift in Sources */,
				381320FA28A40B7A00FAF3B0 /* ViewController.swift in Sources */,
				3813212F28A40C9400FAF3B0 /* UIButton+Extensions.swift in Sources */,
				3813213928A40EA600FAF3B0 /* UITextField+Extensions.swift in Sources */,
				3813214328A4118700FAF3B0 /* ViewController+Extensions.swift in Sources */,
				381320F628A40B7A00FAF3B0 /* AppDelegate.swift in Sources */,
			);
			runOnlyForDeploymentPostprocessing = 0;
		};
		3813210428A40B7D00FAF3B0 /* Sources */ = {
			isa = PBXSourcesBuildPhase;
			buildActionMask = 2147483647;
			files = (
				3813210D28A40B7D00FAF3B0 /* AutoTuneSamplerTests.swift in Sources */,
			);
			runOnlyForDeploymentPostprocessing = 0;
		};
		3813210F28A40B7E00FAF3B0 /* Sources */ = {
			isa = PBXSourcesBuildPhase;
			buildActionMask = 2147483647;
			files = (
				3813211828A40B7E00FAF3B0 /* AutoTuneSamplerUITests.swift in Sources */,
			);
			runOnlyForDeploymentPostprocessing = 0;
		};
/* End PBXSourcesBuildPhase section */

/* Begin PBXTargetDependency section */
		3813210A28A40B7D00FAF3B0 /* PBXTargetDependency */ = {
			isa = PBXTargetDependency;
			target = 381320F128A40B7A00FAF3B0 /* AutoTuneSampler */;
			targetProxy = 3813210928A40B7D00FAF3B0 /* PBXContainerItemProxy */;
		};
		3813211528A40B7E00FAF3B0 /* PBXTargetDependency */ = {
			isa = PBXTargetDependency;
			target = 381320F128A40B7A00FAF3B0 /* AutoTuneSampler */;
			targetProxy = 3813211428A40B7E00FAF3B0 /* PBXContainerItemProxy */;
		};
/* End PBXTargetDependency section */

/* Begin PBXVariantGroup section */
		381320FB28A40B7A00FAF3B0 /* Main.storyboard */ = {
			isa = PBXVariantGroup;
			children = (
				381320FC28A40B7A00FAF3B0 /* Base */,
			);
			name = Main.storyboard;
			sourceTree = "<group>";
		};
		3813210028A40B7D00FAF3B0 /* LaunchScreen.storyboard */ = {
			isa = PBXVariantGroup;
			children = (
				3813210128A40B7D00FAF3B0 /* Base */,
			);
			name = LaunchScreen.storyboard;
			sourceTree = "<group>";
		};
/* End PBXVariantGroup section */

/* Begin XCBuildConfiguration section */
		3813211A28A40B7E00FAF3B0 /* Debug */ = {
			isa = XCBuildConfiguration;
			buildSettings = {
				ALWAYS_SEARCH_USER_PATHS = NO;
				CLANG_ANALYZER_NONNULL = YES;
				CLANG_ANALYZER_NUMBER_OBJECT_CONVERSION = YES_AGGRESSIVE;
				CLANG_CXX_LANGUAGE_STANDARD = "gnu++14";
				CLANG_CXX_LIBRARY = "libc++";
				CLANG_ENABLE_MODULES = YES;
				CLANG_ENABLE_OBJC_ARC = YES;
				CLANG_ENABLE_OBJC_WEAK = YES;
				CLANG_WARN_BLOCK_CAPTURE_AUTORELEASING = YES;
				CLANG_WARN_BOOL_CONVERSION = YES;
				CLANG_WARN_COMMA = YES;
				CLANG_WARN_CONSTANT_CONVERSION = YES;
				CLANG_WARN_DEPRECATED_OBJC_IMPLEMENTATIONS = YES;
				CLANG_WARN_DIRECT_OBJC_ISA_USAGE = YES_ERROR;
				CLANG_WARN_DOCUMENTATION_COMMENTS = YES;
				CLANG_WARN_EMPTY_BODY = YES;
				CLANG_WARN_ENUM_CONVERSION = YES;
				CLANG_WARN_INFINITE_RECURSION = YES;
				CLANG_WARN_INT_CONVERSION = YES;
				CLANG_WARN_NON_LITERAL_NULL_CONVERSION = YES;
				CLANG_WARN_OBJC_IMPLICIT_RETAIN_SELF = YES;
				CLANG_WARN_OBJC_LITERAL_CONVERSION = YES;
				CLANG_WARN_OBJC_ROOT_CLASS = YES_ERROR;
				CLANG_WARN_QUOTED_INCLUDE_IN_FRAMEWORK_HEADER = YES;
				CLANG_WARN_RANGE_LOOP_ANALYSIS = YES;
				CLANG_WARN_STRICT_PROTOTYPES = YES;
				CLANG_WARN_SUSPICIOUS_MOVE = YES;
				CLANG_WARN_UNGUARDED_AVAILABILITY = YES_AGGRESSIVE;
				CLANG_WARN_UNREACHABLE_CODE = YES;
				CLANG_WARN__DUPLICATE_METHOD_MATCH = YES;
				COPY_PHASE_STRIP = NO;
				DEBUG_INFORMATION_FORMAT = dwarf;
				ENABLE_STRICT_OBJC_MSGSEND = YES;
				ENABLE_TESTABILITY = YES;
				GCC_C_LANGUAGE_STANDARD = gnu11;
				GCC_DYNAMIC_NO_PIC = NO;
				GCC_NO_COMMON_BLOCKS = YES;
				GCC_OPTIMIZATION_LEVEL = 0;
				GCC_PREPROCESSOR_DEFINITIONS = (
					"DEBUG=1",
					"$(inherited)",
				);
				GCC_WARN_64_TO_32_BIT_CONVERSION = YES;
				GCC_WARN_ABOUT_RETURN_TYPE = YES_ERROR;
				GCC_WARN_UNDECLARED_SELECTOR = YES;
				GCC_WARN_UNINITIALIZED_AUTOS = YES_AGGRESSIVE;
				GCC_WARN_UNUSED_FUNCTION = YES;
				GCC_WARN_UNUSED_VARIABLE = YES;
				IPHONEOS_DEPLOYMENT_TARGET = 14.4;
				MTL_ENABLE_DEBUG_INFO = INCLUDE_SOURCE;
				MTL_FAST_MATH = YES;
				ONLY_ACTIVE_ARCH = YES;
				SDKROOT = iphoneos;
				SWIFT_ACTIVE_COMPILATION_CONDITIONS = DEBUG;
				SWIFT_OPTIMIZATION_LEVEL = "-Onone";
			};
			name = Debug;
		};
		3813211B28A40B7E00FAF3B0 /* Release */ = {
			isa = XCBuildConfiguration;
			buildSettings = {
				ALWAYS_SEARCH_USER_PATHS = NO;
				CLANG_ANALYZER_NONNULL = YES;
				CLANG_ANALYZER_NUMBER_OBJECT_CONVERSION = YES_AGGRESSIVE;
				CLANG_CXX_LANGUAGE_STANDARD = "gnu++14";
				CLANG_CXX_LIBRARY = "libc++";
				CLANG_ENABLE_MODULES = YES;
				CLANG_ENABLE_OBJC_ARC = YES;
				CLANG_ENABLE_OBJC_WEAK = YES;
				CLANG_WARN_BLOCK_CAPTURE_AUTORELEASING = YES;
				CLANG_WARN_BOOL_CONVERSION = YES;
				CLANG_WARN_COMMA = YES;
				CLANG_WARN_CONSTANT_CONVERSION = YES;
				CLANG_WARN_DEPRECATED_OBJC_IMPLEMENTATIONS = YES;
				CLANG_WARN_DIRECT_OBJC_ISA_USAGE = YES_ERROR;
				CLANG_WARN_DOCUMENTATION_COMMENTS = YES;
				CLANG_WARN_EMPTY_BODY = YES;
				CLANG_WARN_ENUM_CONVERSION = YES;
				CLANG_WARN_INFINITE_RECURSION = YES;
				CLANG_WARN_INT_CONVERSION = YES;
				CLANG_WARN_NON_LITERAL_NULL_CONVERSION = YES;
				CLANG_WARN_OBJC_IMPLICIT_RETAIN_SELF = YES;
				CLANG_WARN_OBJC_LITERAL_CONVERSION = YES;
				CLANG_WARN_OBJC_ROOT_CLASS = YES_ERROR;
				CLANG_WARN_QUOTED_INCLUDE_IN_FRAMEWORK_HEADER = YES;
				CLANG_WARN_RANGE_LOOP_ANALYSIS = YES;
				CLANG_WARN_STRICT_PROTOTYPES = YES;
				CLANG_WARN_SUSPICIOUS_MOVE = YES;
				CLANG_WARN_UNGUARDED_AVAILABILITY = YES_AGGRESSIVE;
				CLANG_WARN_UNREACHABLE_CODE = YES;
				CLANG_WARN__DUPLICATE_METHOD_MATCH = YES;
				COPY_PHASE_STRIP = NO;
				DEBUG_INFORMATION_FORMAT = "dwarf-with-dsym";
				ENABLE_NS_ASSERTIONS = NO;
				ENABLE_STRICT_OBJC_MSGSEND = YES;
				GCC_C_LANGUAGE_STANDARD = gnu11;
				GCC_NO_COMMON_BLOCKS = YES;
				GCC_WARN_64_TO_32_BIT_CONVERSION = YES;
				GCC_WARN_ABOUT_RETURN_TYPE = YES_ERROR;
				GCC_WARN_UNDECLARED_SELECTOR = YES;
				GCC_WARN_UNINITIALIZED_AUTOS = YES_AGGRESSIVE;
				GCC_WARN_UNUSED_FUNCTION = YES;
				GCC_WARN_UNUSED_VARIABLE = YES;
				IPHONEOS_DEPLOYMENT_TARGET = 14.4;
				MTL_ENABLE_DEBUG_INFO = NO;
				MTL_FAST_MATH = YES;
				SDKROOT = iphoneos;
				SWIFT_COMPILATION_MODE = wholemodule;
				SWIFT_OPTIMIZATION_LEVEL = "-O";
				VALIDATE_PRODUCT = YES;
			};
			name = Release;
		};
		3813211D28A40B7E00FAF3B0 /* Debug */ = {
			isa = XCBuildConfiguration;
			buildSettings = {
				ASSETCATALOG_COMPILER_APPICON_NAME = AppIcon;
				ASSETCATALOG_COMPILER_GLOBAL_ACCENT_COLOR_NAME = AccentColor;
				CODE_SIGN_STYLE = Automatic;
				DEVELOPMENT_TEAM = UY59KY6F7K;
				INFOPLIST_FILE = AutoTuneSampler/Info.plist;
				LD_RUNPATH_SEARCH_PATHS = (
					"$(inherited)",
					"@executable_path/Frameworks",
				);
				PRODUCT_BUNDLE_IDENTIFIER = com.flowtinc.AutoTuneSampler;
				PRODUCT_NAME = "$(TARGET_NAME)";
				SWIFT_VERSION = 5.0;
				TARGETED_DEVICE_FAMILY = 1;
			};
			name = Debug;
		};
		3813211E28A40B7E00FAF3B0 /* Release */ = {
			isa = XCBuildConfiguration;
			buildSettings = {
				ASSETCATALOG_COMPILER_APPICON_NAME = AppIcon;
				ASSETCATALOG_COMPILER_GLOBAL_ACCENT_COLOR_NAME = AccentColor;
				CODE_SIGN_STYLE = Automatic;
				DEVELOPMENT_TEAM = UY59KY6F7K;
				INFOPLIST_FILE = AutoTuneSampler/Info.plist;
				LD_RUNPATH_SEARCH_PATHS = (
					"$(inherited)",
					"@executable_path/Frameworks",
				);
				PRODUCT_BUNDLE_IDENTIFIER = com.flowtinc.AutoTuneSampler;
				PRODUCT_NAME = "$(TARGET_NAME)";
				SWIFT_VERSION = 5.0;
				TARGETED_DEVICE_FAMILY = 1;
			};
			name = Release;
		};
		3813212028A40B7E00FAF3B0 /* Debug */ = {
			isa = XCBuildConfiguration;
			buildSettings = {
				ALWAYS_EMBED_SWIFT_STANDARD_LIBRARIES = YES;
				BUNDLE_LOADER = "$(TEST_HOST)";
				CODE_SIGN_STYLE = Automatic;
				DEVELOPMENT_TEAM = UY59KY6F7K;
				INFOPLIST_FILE = AutoTuneSamplerTests/Info.plist;
				IPHONEOS_DEPLOYMENT_TARGET = 14.4;
				LD_RUNPATH_SEARCH_PATHS = (
					"$(inherited)",
					"@executable_path/Frameworks",
					"@loader_path/Frameworks",
				);
				PRODUCT_BUNDLE_IDENTIFIER = com.flowtinc.AutoTuneSamplerTests;
				PRODUCT_NAME = "$(TARGET_NAME)";
				SWIFT_VERSION = 5.0;
				TARGETED_DEVICE_FAMILY = "1,2";
				TEST_HOST = "$(BUILT_PRODUCTS_DIR)/AutoTuneSampler.app/AutoTuneSampler";
			};
			name = Debug;
		};
		3813212128A40B7E00FAF3B0 /* Release */ = {
			isa = XCBuildConfiguration;
			buildSettings = {
				ALWAYS_EMBED_SWIFT_STANDARD_LIBRARIES = YES;
				BUNDLE_LOADER = "$(TEST_HOST)";
				CODE_SIGN_STYLE = Automatic;
				DEVELOPMENT_TEAM = UY59KY6F7K;
				INFOPLIST_FILE = AutoTuneSamplerTests/Info.plist;
				IPHONEOS_DEPLOYMENT_TARGET = 14.4;
				LD_RUNPATH_SEARCH_PATHS = (
					"$(inherited)",
					"@executable_path/Frameworks",
					"@loader_path/Frameworks",
				);
				PRODUCT_BUNDLE_IDENTIFIER = com.flowtinc.AutoTuneSamplerTests;
				PRODUCT_NAME = "$(TARGET_NAME)";
				SWIFT_VERSION = 5.0;
				TARGETED_DEVICE_FAMILY = "1,2";
				TEST_HOST = "$(BUILT_PRODUCTS_DIR)/AutoTuneSampler.app/AutoTuneSampler";
			};
			name = Release;
		};
		3813212328A40B7E00FAF3B0 /* Debug */ = {
			isa = XCBuildConfiguration;
			buildSettings = {
				ALWAYS_EMBED_SWIFT_STANDARD_LIBRARIES = YES;
				CODE_SIGN_STYLE = Automatic;
				DEVELOPMENT_TEAM = UY59KY6F7K;
				INFOPLIST_FILE = AutoTuneSamplerUITests/Info.plist;
				LD_RUNPATH_SEARCH_PATHS = (
					"$(inherited)",
					"@executable_path/Frameworks",
					"@loader_path/Frameworks",
				);
				PRODUCT_BUNDLE_IDENTIFIER = com.flowtinc.AutoTuneSamplerUITests;
				PRODUCT_NAME = "$(TARGET_NAME)";
				SWIFT_VERSION = 5.0;
				TARGETED_DEVICE_FAMILY = "1,2";
				TEST_TARGET_NAME = AutoTuneSampler;
			};
			name = Debug;
		};
		3813212428A40B7E00FAF3B0 /* Release */ = {
			isa = XCBuildConfiguration;
			buildSettings = {
				ALWAYS_EMBED_SWIFT_STANDARD_LIBRARIES = YES;
				CODE_SIGN_STYLE = Automatic;
				DEVELOPMENT_TEAM = UY59KY6F7K;
				INFOPLIST_FILE = AutoTuneSamplerUITests/Info.plist;
				LD_RUNPATH_SEARCH_PATHS = (
					"$(inherited)",
					"@executable_path/Frameworks",
					"@loader_path/Frameworks",
				);
				PRODUCT_BUNDLE_IDENTIFIER = com.flowtinc.AutoTuneSamplerUITests;
				PRODUCT_NAME = "$(TARGET_NAME)";
				SWIFT_VERSION = 5.0;
				TARGETED_DEVICE_FAMILY = "1,2";
				TEST_TARGET_NAME = AutoTuneSampler;
			};
			name = Release;
		};
/* End XCBuildConfiguration section */

/* Begin XCConfigurationList section */
		381320ED28A40B7A00FAF3B0 /* Build configuration list for PBXProject "AutoTuneSampler" */ = {
			isa = XCConfigurationList;
			buildConfigurations = (
				3813211A28A40B7E00FAF3B0 /* Debug */,
				3813211B28A40B7E00FAF3B0 /* Release */,
			);
			defaultConfigurationIsVisible = 0;
			defaultConfigurationName = Release;
		};
		3813211C28A40B7E00FAF3B0 /* Build configuration list for PBXNativeTarget "AutoTuneSampler" */ = {
			isa = XCConfigurationList;
			buildConfigurations = (
				3813211D28A40B7E00FAF3B0 /* Debug */,
				3813211E28A40B7E00FAF3B0 /* Release */,
			);
			defaultConfigurationIsVisible = 0;
			defaultConfigurationName = Release;
		};
		3813211F28A40B7E00FAF3B0 /* Build configuration list for PBXNativeTarget "AutoTuneSamplerTests" */ = {
			isa = XCConfigurationList;
			buildConfigurations = (
				3813212028A40B7E00FAF3B0 /* Debug */,
				3813212128A40B7E00FAF3B0 /* Release */,
			);
			defaultConfigurationIsVisible = 0;
			defaultConfigurationName = Release;
		};
		3813212228A40B7E00FAF3B0 /* Build configuration list for PBXNativeTarget "AutoTuneSamplerUITests" */ = {
			isa = XCConfigurationList;
			buildConfigurations = (
				3813212328A40B7E00FAF3B0 /* Debug */,
				3813212428A40B7E00FAF3B0 /* Release */,
			);
			defaultConfigurationIsVisible = 0;
			defaultConfigurationName = Release;
		};
/* End XCConfigurationList section */

/* Begin XCRemoteSwiftPackageReference section */
		381321FE28A471C500FAF3B0 /* XCRemoteSwiftPackageReference "AudioKit" */ = {
			isa = XCRemoteSwiftPackageReference;
			repositoryURL = "https://github.com/AudioKit/AudioKit";
			requirement = {
				kind = upToNextMajorVersion;
				minimumVersion = 5.1.0;
			};
		};
		B68FC73028A5DFFD0019E049 /* XCRemoteSwiftPackageReference "SoundpipeAudioKit" */ = {
			isa = XCRemoteSwiftPackageReference;
			repositoryURL = "https://github.com/AudioKit/SoundpipeAudioKit.git";
			requirement = {
				kind = upToNextMajorVersion;
				minimumVersion = 5.0.0;
			};
		};
/* End XCRemoteSwiftPackageReference section */

/* Begin XCSwiftPackageProductDependency section */
		381321FF28A471C500FAF3B0 /* AudioKit */ = {
			isa = XCSwiftPackageProductDependency;
			package = 381321FE28A471C500FAF3B0 /* XCRemoteSwiftPackageReference "AudioKit" */;
			productName = AudioKit;
		};
		B68FC73128A5DFFD0019E049 /* SoundpipeAudioKit */ = {
			isa = XCSwiftPackageProductDependency;
			package = B68FC73028A5DFFD0019E049 /* XCRemoteSwiftPackageReference "SoundpipeAudioKit" */;
			productName = SoundpipeAudioKit;
		};
/* End XCSwiftPackageProductDependency section */
	};
	rootObject = 381320EA28A40B7A00FAF3B0 /* Project object */;
}
